// !$*UTF8*$!
{
	archiveVersion = 1;
	classes = {
	};
	objectVersion = 77;
	objects = {

/* Begin PBXContainerItemProxy section */
		3F88AF922E39E6AA009E7C4C /* PBXContainerItemProxy */ = {
			isa = PBXContainerItemProxy;
			containerPortal = 3F88AF732E39E6A8009E7C4C /* Project object */;
			proxyType = 1;
			remoteGlobalIDString = 3F88AF7A2E39E6A8009E7C4C;
			remoteInfo = "Tab Bar Controller";
		};
		3F88AF9C2E39E6AA009E7C4C /* PBXContainerItemProxy */ = {
			isa = PBXContainerItemProxy;
			containerPortal = 3F88AF732E39E6A8009E7C4C /* Project object */;
			proxyType = 1;
			remoteGlobalIDString = 3F88AF7A2E39E6A8009E7C4C;
			remoteInfo = "Tab Bar Controller";
		};
/* End PBXContainerItemProxy section */

/* Begin PBXFileReference section */
		3F88AF7B2E39E6A8009E7C4C /* Tab Bar Controller.app */ = {isa = PBXFileReference; explicitFileType = wrapper.application; includeInIndex = 0; path = "Tab Bar Controller.app"; sourceTree = BUILT_PRODUCTS_DIR; };
		3F88AF912E39E6AA009E7C4C /* Tab Bar ControllerTests.xctest */ = {isa = PBXFileReference; explicitFileType = wrapper.cfbundle; includeInIndex = 0; path = "Tab Bar ControllerTests.xctest"; sourceTree = BUILT_PRODUCTS_DIR; };
		3F88AF9B2E39E6AA009E7C4C /* Tab Bar ControllerUITests.xctest */ = {isa = PBXFileReference; explicitFileType = wrapper.cfbundle; includeInIndex = 0; path = "Tab Bar ControllerUITests.xctest"; sourceTree = BUILT_PRODUCTS_DIR; };
/* End PBXFileReference section */

/* Begin PBXFileSystemSynchronizedBuildFileExceptionSet section */
		3F88AFA32E39E6AA009E7C4C /* Exceptions for "Tab Bar Controller" folder in "Tab Bar Controller" target */ = {
			isa = PBXFileSystemSynchronizedBuildFileExceptionSet;
			membershipExceptions = (
				Info.plist,
			);
			target = 3F88AF7A2E39E6A8009E7C4C /* Tab Bar Controller */;
		};
/* End PBXFileSystemSynchronizedBuildFileExceptionSet section */

/* Begin PBXFileSystemSynchronizedRootGroup section */
		3F88AF7D2E39E6A8009E7C4C /* Tab Bar Controller */ = {
			isa = PBXFileSystemSynchronizedRootGroup;
			exceptions = (
				3F88AFA32E39E6AA009E7C4C /* Exceptions for "Tab Bar Controller" folder in "Tab Bar Controller" target */,
			);
			path = "Tab Bar Controller";
			sourceTree = "<group>";
		};
		3F88AF942E39E6AA009E7C4C /* Tab Bar ControllerTests */ = {
			isa = PBXFileSystemSynchronizedRootGroup;
			path = "Tab Bar ControllerTests";
			sourceTree = "<group>";
		};
		3F88AF9E2E39E6AA009E7C4C /* Tab Bar ControllerUITests */ = {
			isa = PBXFileSystemSynchronizedRootGroup;
			path = "Tab Bar ControllerUITests";
			sourceTree = "<group>";
		};
/* End PBXFileSystemSynchronizedRootGroup section */

/* Begin PBXFrameworksBuildPhase section */
		3F88AF782E39E6A8009E7C4C /* Frameworks */ = {
			isa = PBXFrameworksBuildPhase;
			buildActionMask = 2147483647;
			files = (
			);
			runOnlyForDeploymentPostprocessing = 0;
		};
		3F88AF8E2E39E6AA009E7C4C /* Frameworks */ = {
			isa = PBXFrameworksBuildPhase;
			buildActionMask = 2147483647;
			files = (
			);
			runOnlyForDeploymentPostprocessing = 0;
		};
		3F88AF982E39E6AA009E7C4C /* Frameworks */ = {
			isa = PBXFrameworksBuildPhase;
			buildActionMask = 2147483647;
			files = (
			);
			runOnlyForDeploymentPostprocessing = 0;
		};
/* End PBXFrameworksBuildPhase section */

/* Begin PBXGroup section */
		3F88AF722E39E6A8009E7C4C = {
			isa = PBXGroup;
			children = (
				3F88AF7D2E39E6A8009E7C4C /* Tab Bar Controller */,
				3F88AF942E39E6AA009E7C4C /* Tab Bar ControllerTests */,
				3F88AF9E2E39E6AA009E7C4C /* Tab Bar ControllerUITests */,
				3F88AF7C2E39E6A8009E7C4C /* Products */,
			);
			sourceTree = "<group>";
		};
		3F88AF7C2E39E6A8009E7C4C /* Products */ = {
			isa = PBXGroup;
			children = (
				3F88AF7B2E39E6A8009E7C4C /* Tab Bar Controller.app */,
				3F88AF912E39E6AA009E7C4C /* Tab Bar ControllerTests.xctest */,
				3F88AF9B2E39E6AA009E7C4C /* Tab Bar ControllerUITests.xctest */,
			);
			name = Products;
			sourceTree = "<group>";
		};
/* End PBXGroup section */

/* Begin PBXNativeTarget section */
		3F88AF7A2E39E6A8009E7C4C /* Tab Bar Controller */ = {
			isa = PBXNativeTarget;
			buildConfigurationList = 3F88AFA42E39E6AA009E7C4C /* Build configuration list for PBXNativeTarget "Tab Bar Controller" */;
			buildPhases = (
				3F88AF772E39E6A8009E7C4C /* Sources */,
				3F88AF782E39E6A8009E7C4C /* Frameworks */,
				3F88AF792E39E6A8009E7C4C /* Resources */,
			);
			buildRules = (
			);
			dependencies = (
			);
			fileSystemSynchronizedGroups = (
				3F88AF7D2E39E6A8009E7C4C /* Tab Bar Controller */,
			);
			name = "Tab Bar Controller";
			packageProductDependencies = (
			);
			productName = "Tab Bar Controller";
			productReference = 3F88AF7B2E39E6A8009E7C4C /* Tab Bar Controller.app */;
			productType = "com.apple.product-type.application";
		};
		3F88AF902E39E6AA009E7C4C /* Tab Bar ControllerTests */ = {
			isa = PBXNativeTarget;
			buildConfigurationList = 3F88AFA92E39E6AA009E7C4C /* Build configuration list for PBXNativeTarget "Tab Bar ControllerTests" */;
			buildPhases = (
				3F88AF8D2E39E6AA009E7C4C /* Sources */,
				3F88AF8E2E39E6AA009E7C4C /* Frameworks */,
				3F88AF8F2E39E6AA009E7C4C /* Resources */,
			);
			buildRules = (
			);
			dependencies = (
				3F88AF932E39E6AA009E7C4C /* PBXTargetDependency */,
			);
			fileSystemSynchronizedGroups = (
				3F88AF942E39E6AA009E7C4C /* Tab Bar ControllerTests */,
			);
			name = "Tab Bar ControllerTests";
			packageProductDependencies = (
			);
			productName = "Tab Bar ControllerTests";
			productReference = 3F88AF912E39E6AA009E7C4C /* Tab Bar ControllerTests.xctest */;
			productType = "com.apple.product-type.bundle.unit-test";
		};
		3F88AF9A2E39E6AA009E7C4C /* Tab Bar ControllerUITests */ = {
			isa = PBXNativeTarget;
			buildConfigurationList = 3F88AFAC2E39E6AA009E7C4C /* Build configuration list for PBXNativeTarget "Tab Bar ControllerUITests" */;
			buildPhases = (
				3F88AF972E39E6AA009E7C4C /* Sources */,
				3F88AF982E39E6AA009E7C4C /* Frameworks */,
				3F88AF992E39E6AA009E7C4C /* Resources */,
			);
			buildRules = (
			);
			dependencies = (
				3F88AF9D2E39E6AA009E7C4C /* PBXTargetDependency */,
			);
			fileSystemSynchronizedGroups = (
				3F88AF9E2E39E6AA009E7C4C /* Tab Bar ControllerUITests */,
			);
			name = "Tab Bar ControllerUITests";
			packageProductDependencies = (
			);
			productName = "Tab Bar ControllerUITests";
			productReference = 3F88AF9B2E39E6AA009E7C4C /* Tab Bar ControllerUITests.xctest */;
			productType = "com.apple.product-type.bundle.ui-testing";
		};
/* End PBXNativeTarget section */

/* Begin PBXProject section */
		3F88AF732E39E6A8009E7C4C /* Project object */ = {
			isa = PBXProject;
			attributes = {
				BuildIndependentTargetsInParallel = 1;
				LastSwiftUpdateCheck = 1630;
				LastUpgradeCheck = 1630;
				TargetAttributes = {
					3F88AF7A2E39E6A8009E7C4C = {
						CreatedOnToolsVersion = 16.3;
					};
					3F88AF902E39E6AA009E7C4C = {
						CreatedOnToolsVersion = 16.3;
						TestTargetID = 3F88AF7A2E39E6A8009E7C4C;
					};
					3F88AF9A2E39E6AA009E7C4C = {
						CreatedOnToolsVersion = 16.3;
						TestTargetID = 3F88AF7A2E39E6A8009E7C4C;
					};
				};
			};
			buildConfigurationList = 3F88AF762E39E6A8009E7C4C /* Build configuration list for PBXProject "Tab Bar Controller" */;
			developmentRegion = en;
			hasScannedForEncodings = 0;
			knownRegions = (
				en,
				Base,
			);
			mainGroup = 3F88AF722E39E6A8009E7C4C;
			minimizedProjectReferenceProxies = 1;
			preferredProjectObjectVersion = 77;
			productRefGroup = 3F88AF7C2E39E6A8009E7C4C /* Products */;
			projectDirPath = "";
			projectRoot = "";
			targets = (
				3F88AF7A2E39E6A8009E7C4C /* Tab Bar Controller */,
				3F88AF902E39E6AA009E7C4C /* Tab Bar ControllerTests */,
				3F88AF9A2E39E6AA009E7C4C /* Tab Bar ControllerUITests */,
			);
		};
/* End PBXProject section */

/* Begin PBXResourcesBuildPhase section */
		3F88AF792E39E6A8009E7C4C /* Resources */ = {
			isa = PBXResourcesBuildPhase;
			buildActionMask = 2147483647;
			files = (
			);
			runOnlyForDeploymentPostprocessing = 0;
		};
		3F88AF8F2E39E6AA009E7C4C /* Resources */ = {
			isa = PBXResourcesBuildPhase;
			buildActionMask = 2147483647;
			files = (
			);
			runOnlyForDeploymentPostprocessing = 0;
		};
		3F88AF992E39E6AA009E7C4C /* Resources */ = {
			isa = PBXResourcesBuildPhase;
			buildActionMask = 2147483647;
			files = (
			);
			runOnlyForDeploymentPostprocessing = 0;
		};
/* End PBXResourcesBuildPhase section */

/* Begin PBXSourcesBuildPhase section */
		3F88AF772E39E6A8009E7C4C /* Sources */ = {
			isa = PBXSourcesBuildPhase;
			buildActionMask = 2147483647;
			files = (
			);
			runOnlyForDeploymentPostprocessing = 0;
		};
		3F88AF8D2E39E6AA009E7C4C /* Sources */ = {
			isa = PBXSourcesBuildPhase;
			buildActionMask = 2147483647;
			files = (
			);
			runOnlyForDeploymentPostprocessing = 0;
		};
		3F88AF972E39E6AA009E7C4C /* Sources */ = {
			isa = PBXSourcesBuildPhase;
			buildActionMask = 2147483647;
			files = (
			);
			runOnlyForDeploymentPostprocessing = 0;
		};
/* End PBXSourcesBuildPhase section */

/* Begin PBXTargetDependency section */
		3F88AF932E39E6AA009E7C4C /* PBXTargetDependency */ = {
			isa = PBXTargetDependency;
			target = 3F88AF7A2E39E6A8009E7C4C /* Tab Bar Controller */;
			targetProxy = 3F88AF922E39E6AA009E7C4C /* PBXContainerItemProxy */;
		};
		3F88AF9D2E39E6AA009E7C4C /* PBXTargetDependency */ = {
			isa = PBXTargetDependency;
			target = 3F88AF7A2E39E6A8009E7C4C /* Tab Bar Controller */;
			targetProxy = 3F88AF9C2E39E6AA009E7C4C /* PBXContainerItemProxy */;
		};
/* End PBXTargetDependency section */

/* Begin XCBuildConfiguration section */
		3F88AFA52E39E6AA009E7C4C /* Debug */ = {
			isa = XCBuildConfiguration;
			buildSettings = {
				ASSETCATALOG_COMPILER_APPICON_NAME = AppIcon;
				ASSETCATALOG_COMPILER_GLOBAL_ACCENT_COLOR_NAME = AccentColor;
				CODE_SIGN_STYLE = Automatic;
				CURRENT_PROJECT_VERSION = 1;
				GENERATE_INFOPLIST_FILE = YES;
				INFOPLIST_FILE = "Tab Bar Controller/Info.plist";
				INFOPLIST_KEY_UIApplicationSupportsIndirectInputEvents = YES;
				INFOPLIST_KEY_UILaunchStoryboardName = LaunchScreen;
				INFOPLIST_KEY_UIMainStoryboardFile = Main;
				INFOPLIST_KEY_UISupportedInterfaceOrientations_iPad = "UIInterfaceOrientationPortrait UIInterfaceOrientationPortraitUpsideDown UIInterfaceOrientationLandscapeLeft UIInterfaceOrientationLandscapeRight";
				INFOPLIST_KEY_UISupportedInterfaceOrientations_iPhone = "UIInterfaceOrientationPortrait UIInterfaceOrientationLandscapeLeft UIInterfaceOrientationLandscapeRight";
				LD_RUNPATH_SEARCH_PATHS = (
					"$(inherited)",
					"@executable_path/Frameworks",
				);
				MARKETING_VERSION = 1.0;
				PRODUCT_BUNDLE_IDENTIFIER = "kritika.Tab-Bar-Controller";
				PRODUCT_NAME = "$(TARGET_NAME)";
				SWIFT_EMIT_LOC_STRINGS = YES;
				SWIFT_VERSION = 5.0;
				TARGETED_DEVICE_FAMILY = "1,2";
			};
			name = Debug;
		};
		3F88AFA62E39E6AA009E7C4C /* Release */ = {
			isa = XCBuildConfiguration;
			buildSettings = {
				ASSETCATALOG_COMPILER_APPICON_NAME = AppIcon;
				ASSETCATALOG_COMPILER_GLOBAL_ACCENT_COLOR_NAME = AccentColor;
				CODE_SIGN_STYLE = Automatic;
				CURRENT_PROJECT_VERSION = 1;
				GENERATE_INFOPLIST_FILE = YES;
				INFOPLIST_FILE = "Tab Bar Controller/Info.plist";
				INFOPLIST_KEY_UIApplicationSupportsIndirectInputEvents = YES;
				INFOPLIST_KEY_UILaunchStoryboardName = LaunchScreen;
				INFOPLIST_KEY_UIMainStoryboardFile = Main;
				INFOPLIST_KEY_UISupportedInterfaceOrientations_iPad = "UIInterfaceOrientationPortrait UIInterfaceOrientationPortraitUpsideDown UIInterfaceOrientationLandscapeLeft UIInterfaceOrientationLandscapeRight";
				INFOPLIST_KEY_UISupportedInterfaceOrientations_iPhone = "UIInterfaceOrientationPortrait UIInterfaceOrientationLandscapeLeft UIInterfaceOrientationLandscapeRight";
				LD_RUNPATH_SEARCH_PATHS = (
					"$(inherited)",
					"@executable_path/Frameworks",
				);
				MARKETING_VERSION = 1.0;
				PRODUCT_BUNDLE_IDENTIFIER = "kritika.Tab-Bar-Controller";
				PRODUCT_NAME = "$(TARGET_NAME)";
				SWIFT_EMIT_LOC_STRINGS = YES;
				SWIFT_VERSION = 5.0;
				TARGETED_DEVICE_FAMILY = "1,2";
			};
			name = Release;
		};
		3F88AFA72E39E6AA009E7C4C /* Debug */ = {
			isa = XCBuildConfiguration;
			buildSettings = {
				ALWAYS_SEARCH_USER_PATHS = NO;
				ASSETCATALOG_COMPILER_GENERATE_SWIFT_ASSET_SYMBOL_EXTENSIONS = YES;
				CLANG_ANALYZER_NONNULL = YES;
				CLANG_ANALYZER_NUMBER_OBJECT_CONVERSION = YES_AGGRESSIVE;
				CLANG_CXX_LANGUAGE_STANDARD = "gnu++20";
				CLANG_ENABLE_MODULES = YES;
				CLANG_ENABLE_OBJC_ARC = YES;
				CLANG_ENABLE_OBJC_WEAK = YES;
				CLANG_WARN_BLOCK_CAPTURE_AUTORELEASING = YES;
				CLANG_WARN_BOOL_CONVERSION = YES;
				CLANG_WARN_COMMA = YES;
				CLANG_WARN_CONSTANT_CONVERSION = YES;
				CLANG_WARN_DEPRECATED_OBJC_IMPLEMENTATIONS = YES;
				CLANG_WARN_DIRECT_OBJC_ISA_USAGE = YES_ERROR;
				CLANG_WARN_DOCUMENTATION_COMMENTS = YES;
				CLANG_WARN_EMPTY_BODY = YES;
				CLANG_WARN_ENUM_CONVERSION = YES;
				CLANG_WARN_INFINITE_RECURSION = YES;
				CLANG_WARN_INT_CONVERSION = YES;
				CLANG_WARN_NON_LITERAL_NULL_CONVERSION = YES;
				CLANG_WARN_OBJC_IMPLICIT_RETAIN_SELF = YES;
				CLANG_WARN_OBJC_LITERAL_CONVERSION = YES;
				CLANG_WARN_OBJC_ROOT_CLASS = YES_ERROR;
				CLANG_WARN_QUOTED_INCLUDE_IN_FRAMEWORK_HEADER = YES;
				CLANG_WARN_RANGE_LOOP_ANALYSIS = YES;
				CLANG_WARN_STRICT_PROTOTYPES = YES;
				CLANG_WARN_SUSPICIOUS_MOVE = YES;
				CLANG_WARN_UNGUARDED_AVAILABILITY = YES_AGGRESSIVE;
				CLANG_WARN_UNREACHABLE_CODE = YES;
				CLANG_WARN__DUPLICATE_METHOD_MATCH = YES;
				COPY_PHASE_STRIP = NO;
				DEBUG_INFORMATION_FORMAT = dwarf;
				ENABLE_STRICT_OBJC_MSGSEND = YES;
				ENABLE_TESTABILITY = YES;
				ENABLE_USER_SCRIPT_SANDBOXING = YES;
				GCC_C_LANGUAGE_STANDARD = gnu17;
				GCC_DYNAMIC_NO_PIC = NO;
				GCC_NO_COMMON_BLOCKS = YES;
				GCC_OPTIMIZATION_LEVEL = 0;
				GCC_PREPROCESSOR_DEFINITIONS = (
					"DEBUG=1",
					"$(inherited)",
				);
				GCC_WARN_64_TO_32_BIT_CONVERSION = YES;
				GCC_WARN_ABOUT_RETURN_TYPE = YES_ERROR;
				GCC_WARN_UNDECLARED_SELECTOR = YES;
				GCC_WARN_UNINITIALIZED_AUTOS = YES_AGGRESSIVE;
				GCC_WARN_UNUSED_FUNCTION = YES;
				GCC_WARN_UNUSED_VARIABLE = YES;
				IPHONEOS_DEPLOYMENT_TARGET = 18.4;
				LOCALIZATION_PREFERS_STRING_CATALOGS = YES;
				MTL_ENABLE_DEBUG_INFO = INCLUDE_SOURCE;
				MTL_FAST_MATH = YES;
				ONLY_ACTIVE_ARCH = YES;
				SDKROOT = iphoneos;
				SWIFT_ACTIVE_COMPILATION_CONDITIONS = "DEBUG $(inherited)";
				SWIFT_OPTIMIZATION_LEVEL = "-Onone";
			};
			name = Debug;
		};
		3F88AFA82E39E6AA009E7C4C /* Release */ = {
			isa = XCBuildConfiguration;
			buildSettings = {
				ALWAYS_SEARCH_USER_PATHS = NO;
				ASSETCATALOG_COMPILER_GENERATE_SWIFT_ASSET_SYMBOL_EXTENSIONS = YES;
				CLANG_ANALYZER_NONNULL = YES;
				CLANG_ANALYZER_NUMBER_OBJECT_CONVERSION = YES_AGGRESSIVE;
				CLANG_CXX_LANGUAGE_STANDARD = "gnu++20";
				CLANG_ENABLE_MODULES = YES;
				CLANG_ENABLE_OBJC_ARC = YES;
				CLANG_ENABLE_OBJC_WEAK = YES;
				CLANG_WARN_BLOCK_CAPTURE_AUTORELEASING = YES;
				CLANG_WARN_BOOL_CONVERSION = YES;
				CLANG_WARN_COMMA = YES;
				CLANG_WARN_CONSTANT_CONVERSION = YES;
				CLANG_WARN_DEPRECATED_OBJC_IMPLEMENTATIONS = YES;
				CLANG_WARN_DIRECT_OBJC_ISA_USAGE = YES_ERROR;
				CLANG_WARN_DOCUMENTATION_COMMENTS = YES;
				CLANG_WARN_EMPTY_BODY = YES;
				CLANG_WARN_ENUM_CONVERSION = YES;
				CLANG_WARN_INFINITE_RECURSION = YES;
				CLANG_WARN_INT_CONVERSION = YES;
				CLANG_WARN_NON_LITERAL_NULL_CONVERSION = YES;
				CLANG_WARN_OBJC_IMPLICIT_RETAIN_SELF = YES;
				CLANG_WARN_OBJC_LITERAL_CONVERSION = YES;
				CLANG_WARN_OBJC_ROOT_CLASS = YES_ERROR;
				CLANG_WARN_QUOTED_INCLUDE_IN_FRAMEWORK_HEADER = YES;
				CLANG_WARN_RANGE_LOOP_ANALYSIS = YES;
				CLANG_WARN_STRICT_PROTOTYPES = YES;
				CLANG_WARN_SUSPICIOUS_MOVE = YES;
				CLANG_WARN_UNGUARDED_AVAILABILITY = YES_AGGRESSIVE;
				CLANG_WARN_UNREACHABLE_CODE = YES;
				CLANG_WARN__DUPLICATE_METHOD_MATCH = YES;
				COPY_PHASE_STRIP = NO;
				DEBUG_INFORMATION_FORMAT = "dwarf-with-dsym";
				ENABLE_NS_ASSERTIONS = NO;
				ENABLE_STRICT_OBJC_MSGSEND = YES;
				ENABLE_USER_SCRIPT_SANDBOXING = YES;
				GCC_C_LANGUAGE_STANDARD = gnu17;
				GCC_NO_COMMON_BLOCKS = YES;
				GCC_WARN_64_TO_32_BIT_CONVERSION = YES;
				GCC_WARN_ABOUT_RETURN_TYPE = YES_ERROR;
				GCC_WARN_UNDECLARED_SELECTOR = YES;
				GCC_WARN_UNINITIALIZED_AUTOS = YES_AGGRESSIVE;
				GCC_WARN_UNUSED_FUNCTION = YES;
				GCC_WARN_UNUSED_VARIABLE = YES;
				IPHONEOS_DEPLOYMENT_TARGET = 18.4;
				LOCALIZATION_PREFERS_STRING_CATALOGS = YES;
				MTL_ENABLE_DEBUG_INFO = NO;
				MTL_FAST_MATH = YES;
				SDKROOT = iphoneos;
				SWIFT_COMPILATION_MODE = wholemodule;
				VALIDATE_PRODUCT = YES;
			};
			name = Release;
		};
		3F88AFAA2E39E6AA009E7C4C /* Debug */ = {
			isa = XCBuildConfiguration;
			buildSettings = {
				BUNDLE_LOADER = "$(TEST_HOST)";
				CODE_SIGN_STYLE = Automatic;
				CURRENT_PROJECT_VERSION = 1;
				GENERATE_INFOPLIST_FILE = YES;
				IPHONEOS_DEPLOYMENT_TARGET = 18.4;
				MARKETING_VERSION = 1.0;
				PRODUCT_BUNDLE_IDENTIFIER = "kritika.Tab-Bar-ControllerTests";
				PRODUCT_NAME = "$(TARGET_NAME)";
				SWIFT_EMIT_LOC_STRINGS = NO;
				SWIFT_VERSION = 5.0;
				TARGETED_DEVICE_FAMILY = "1,2";
				TEST_HOST = "$(BUILT_PRODUCTS_DIR)/Tab Bar Controller.app/$(BUNDLE_EXECUTABLE_FOLDER_PATH)/Tab Bar Controller";
			};
			name = Debug;
		};
		3F88AFAB2E39E6AA009E7C4C /* Release */ = {
			isa = XCBuildConfiguration;
			buildSettings = {
				BUNDLE_LOADER = "$(TEST_HOST)";
				CODE_SIGN_STYLE = Automatic;
				CURRENT_PROJECT_VERSION = 1;
				GENERATE_INFOPLIST_FILE = YES;
				IPHONEOS_DEPLOYMENT_TARGET = 18.4;
				MARKETING_VERSION = 1.0;
				PRODUCT_BUNDLE_IDENTIFIER = "kritika.Tab-Bar-ControllerTests";
				PRODUCT_NAME = "$(TARGET_NAME)";
				SWIFT_EMIT_LOC_STRINGS = NO;
				SWIFT_VERSION = 5.0;
				TARGETED_DEVICE_FAMILY = "1,2";
				TEST_HOST = "$(BUILT_PRODUCTS_DIR)/Tab Bar Controller.app/$(BUNDLE_EXECUTABLE_FOLDER_PATH)/Tab Bar Controller";
			};
			name = Release;
		};
		3F88AFAD2E39E6AA009E7C4C /* Debug */ = {
			isa = XCBuildConfiguration;
			buildSettings = {
				CODE_SIGN_STYLE = Automatic;
				CURRENT_PROJECT_VERSION = 1;
				GENERATE_INFOPLIST_FILE = YES;
				MARKETING_VERSION = 1.0;
				PRODUCT_BUNDLE_IDENTIFIER = "kritika.Tab-Bar-ControllerUITests";
				PRODUCT_NAME = "$(TARGET_NAME)";
				SWIFT_EMIT_LOC_STRINGS = NO;
				SWIFT_VERSION = 5.0;
				TARGETED_DEVICE_FAMILY = "1,2";
				TEST_TARGET_NAME = "Tab Bar Controller";
			};
			name = Debug;
		};
		3F88AFAE2E39E6AA009E7C4C /* Release */ = {
			isa = XCBuildConfiguration;
			buildSettings = {
				CODE_SIGN_STYLE = Automatic;
				CURRENT_PROJECT_VERSION = 1;
				GENERATE_INFOPLIST_FILE = YES;
				MARKETING_VERSION = 1.0;
				PRODUCT_BUNDLE_IDENTIFIER = "kritika.Tab-Bar-ControllerUITests";
				PRODUCT_NAME = "$(TARGET_NAME)";
				SWIFT_EMIT_LOC_STRINGS = NO;
				SWIFT_VERSION = 5.0;
				TARGETED_DEVICE_FAMILY = "1,2";
				TEST_TARGET_NAME = "Tab Bar Controller";
			};
			name = Release;
		};
/* End XCBuildConfiguration section */

/* Begin XCConfigurationList section */
		3F88AF762E39E6A8009E7C4C /* Build configuration list for PBXProject "Tab Bar Controller" */ = {
			isa = XCConfigurationList;
			buildConfigurations = (
				3F88AFA72E39E6AA009E7C4C /* Debug */,
				3F88AFA82E39E6AA009E7C4C /* Release */,
			);
			defaultConfigurationIsVisible = 0;
			defaultConfigurationName = Release;
		};
		3F88AFA42E39E6AA009E7C4C /* Build configuration list for PBXNativeTarget "Tab Bar Controller" */ = {
			isa = XCConfigurationList;
			buildConfigurations = (
				3F88AFA52E39E6AA009E7C4C /* Debug */,
				3F88AFA62E39E6AA009E7C4C /* Release */,
			);
			defaultConfigurationIsVisible = 0;
			defaultConfigurationName = Release;
		};
		3F88AFA92E39E6AA009E7C4C /* Build configuration list for PBXNativeTarget "Tab Bar ControllerTests" */ = {
			isa = XCConfigurationList;
			buildConfigurations = (
				3F88AFAA2E39E6AA009E7C4C /* Debug */,
				3F88AFAB2E39E6AA009E7C4C /* Release */,
			);
			defaultConfigurationIsVisible = 0;
			defaultConfigurationName = Release;
		};
		3F88AFAC2E39E6AA009E7C4C /* Build configuration list for PBXNativeTarget "Tab Bar ControllerUITests" */ = {
			isa = XCConfigurationList;
			buildConfigurations = (
				3F88AFAD2E39E6AA009E7C4C /* Debug */,
				3F88AFAE2E39E6AA009E7C4C /* Release */,
			);
			defaultConfigurationIsVisible = 0;
			defaultConfigurationName = Release;
		};
/* End XCConfigurationList section */
	};
	rootObject = 3F88AF732E39E6A8009E7C4C /* Project object */;
}
